
Microsoft Visual Studio Solution File, Format Version 12.00
# Visual Studio 14
VisualStudioVersion = 14.0.24720.0
MinimumVisualStudioVersion = 10.0.40219.1
Project("{8BC9CEB8-8B4A-11D0-8D11-00A0C91BC942}") = "Unity-Injector", "Unity-Injector\Unity-Injector.vcxproj", "{C40CDEE1-2910-4591-81D7-78841FEB9BDF}"
	ProjectSection(ProjectDependencies) = postProject
		{D700FC3D-0A9D-4933-AA46-38E178622E22} = {D700FC3D-0A9D-4933-AA46-38E178622E22}
	EndProjectSection
EndProject
Project("{8BC9CEB8-8B4A-11D0-8D11-00A0C91BC942}") = "proxy", "proxy\proxy.vcxproj", "{D700FC3D-0A9D-4933-AA46-38E178622E22}"
EndProject
Global
	GlobalSection(SolutionConfigurationPlatforms) = preSolution
		Debug|x64 = Debug|x64
		Debug|x86 = Debug|x86
		Release|x64 = Release|x64
		Release|x86 = Release|x86
	EndGlobalSection
	GlobalSection(ProjectConfigurationPlatforms) = postSolution
		{C40CDEE1-2910-4591-81D7-78841FEB9BDF}.Debug|x64.ActiveCfg = Debug|x64
		{C40CDEE1-2910-4591-81D7-78841FEB9BDF}.Debug|x64.Build.0 = Debug|x64
		{C40CDEE1-2910-4591-81D7-78841FEB9BDF}.Debug|x86.ActiveCfg = Debug|Win32
		{C40CDEE1-2910-4591-81D7-78841FEB9BDF}.Debug|x86.Build.0 = Debug|Win32
		{C40CDEE1-2910-4591-81D7-78841FEB9BDF}.Release|x64.ActiveCfg = Release|x64
		{C40CDEE1-2910-4591-81D7-78841FEB9BDF}.Release|x64.Build.0 = Release|x64
		{C40CDEE1-2910-4591-81D7-78841FEB9BDF}.Release|x86.ActiveCfg = Release|Win32
		{C40CDEE1-2910-4591-81D7-78841FEB9BDF}.Release|x86.Build.0 = Release|Win32
		{D700FC3D-0A9D-4933-AA46-38E178622E22}.Debug|x64.ActiveCfg = Debug|x64
		{D700FC3D-0A9D-4933-AA46-38E178622E22}.Debug|x64.Build.0 = Debug|x64
		{D700FC3D-0A9D-4933-AA46-38E178622E22}.Debug|x86.ActiveCfg = Debug|Win32
		{D700FC3D-0A9D-4933-AA46-38E178622E22}.Debug|x86.Build.0 = Debug|Win32
		{D700FC3D-0A9D-4933-AA46-38E178622E22}.Release|x64.ActiveCfg = Release|x64
		{D700FC3D-0A9D-4933-AA46-38E178622E22}.Release|x64.Build.0 = Release|x64
		{D700FC3D-0A9D-4933-AA46-38E178622E22}.Release|x86.ActiveCfg = Release|Win32
		{D700FC3D-0A9D-4933-AA46-38E178622E22}.Release|x86.Build.0 = Release|Win32
	EndGlobalSection
	GlobalSection(SolutionProperties) = preSolution
		HideSolutionNode = FALSE
	EndGlobalSection
EndGlobal
